
Microsoft Visual Studio Solution File, Format Version 12.00
# Visual Studio 2013
VisualStudioVersion = 12.0.30723.0
MinimumVisualStudioVersion = 10.0.40219.1
Project("{FAE04EC0-301F-11D3-BF4B-00C04F79EFBC}") = "CoverMyOST", "CoverMyOST\CoverMyOST.csproj", "{DBCFB4F4-3E66-459B-8EE0-394E2A5801C9}"
EndProject
Project("{FAE04EC0-301F-11D3-BF4B-00C04F79EFBC}") = "CoverMyOST.Test", "CoverMyOST.Test\CoverMyOST.Test.csproj", "{D64AD78C-7BDA-4892-A8D7-27EC17F3115F}"
EndProject
Project("{FAE04EC0-301F-11D3-BF4B-00C04F79EFBC}") = "CoverMyOST.GUI", "CoverMyOST.GUI\CoverMyOST.GUI.csproj", "{702C304C-E9EC-4491-A8A6-639CFBBE8510}"
EndProject
Project("{2150E333-8FDC-42A3-9474-1A3956D46DE8}") = ".nuget", ".nuget", "{1AD7B2DC-C0B4-49F6-80AE-F28CDFFDB87A}"
	ProjectSection(SolutionItems) = preProject
		.nuget\NuGet.Config = .nuget\NuGet.Config
		.nuget\NuGet.exe = .nuget\NuGet.exe
		.nuget\NuGet.targets = .nuget\NuGet.targets
	EndProjectSection
EndProject
Global
	GlobalSection(SolutionConfigurationPlatforms) = preSolution
		Debug|Any CPU = Debug|Any CPU
		Release|Any CPU = Release|Any CPU
	EndGlobalSection
	GlobalSection(ProjectConfigurationPlatforms) = postSolution
		{DBCFB4F4-3E66-459B-8EE0-394E2A5801C9}.Debug|Any CPU.ActiveCfg = Debug|Any CPU
		{DBCFB4F4-3E66-459B-8EE0-394E2A5801C9}.Debug|Any CPU.Build.0 = Debug|Any CPU
		{DBCFB4F4-3E66-459B-8EE0-394E2A5801C9}.Release|Any CPU.ActiveCfg = Release|Any CPU
		{DBCFB4F4-3E66-459B-8EE0-394E2A5801C9}.Release|Any CPU.Build.0 = Release|Any CPU
		{D64AD78C-7BDA-4892-A8D7-27EC17F3115F}.Debug|Any CPU.ActiveCfg = Debug|Any CPU
		{D64AD78C-7BDA-4892-A8D7-27EC17F3115F}.Debug|Any CPU.Build.0 = Debug|Any CPU
		{D64AD78C-7BDA-4892-A8D7-27EC17F3115F}.Release|Any CPU.ActiveCfg = Release|Any CPU
		{D64AD78C-7BDA-4892-A8D7-27EC17F3115F}.Release|Any CPU.Build.0 = Release|Any CPU
		{702C304C-E9EC-4491-A8A6-639CFBBE8510}.Debug|Any CPU.ActiveCfg = Debug|Any CPU
		{702C304C-E9EC-4491-A8A6-639CFBBE8510}.Debug|Any CPU.Build.0 = Debug|Any CPU
		{702C304C-E9EC-4491-A8A6-639CFBBE8510}.Release|Any CPU.ActiveCfg = Release|Any CPU
		{702C304C-E9EC-4491-A8A6-639CFBBE8510}.Release|Any CPU.Build.0 = Release|Any CPU
	EndGlobalSection
	GlobalSection(SolutionProperties) = preSolution
		HideSolutionNode = FALSE
	EndGlobalSection
EndGlobal
